
Microsoft Visual Studio Solution File, Format Version 12.00
# Visual Studio Version 17
VisualStudioVersion = 17.4.33122.133
MinimumVisualStudioVersion = 10.0.40219.1
Project("{FAE04EC0-301F-11D3-BF4B-00C04F79EFBC}") = "Assignment9_IliaBogatyrev", "Assignment9_IliaBogatyrev\Assignment9_IliaBogatyrev.csproj", "{72B6D9FC-FCE8-40E4-A355-67331D54150C}"
EndProject
Global
	GlobalSection(SolutionConfigurationPlatforms) = preSolution
		Debug|Any CPU = Debug|Any CPU
		Release|Any CPU = Release|Any CPU
	EndGlobalSection
	GlobalSection(ProjectConfigurationPlatforms) = postSolution
		{72B6D9FC-FCE8-40E4-A355-67331D54150C}.Debug|Any CPU.ActiveCfg = Debug|Any CPU
		{72B6D9FC-FCE8-40E4-A355-67331D54150C}.Debug|Any CPU.Build.0 = Debug|Any CPU
		{72B6D9FC-FCE8-40E4-A355-67331D54150C}.Release|Any CPU.ActiveCfg = Release|Any CPU
		{72B6D9FC-FCE8-40E4-A355-67331D54150C}.Release|Any CPU.Build.0 = Release|Any CPU
	EndGlobalSection
	GlobalSection(SolutionProperties) = preSolution
		HideSolutionNode = FALSE
	EndGlobalSection
	GlobalSection(ExtensibilityGlobals) = postSolution
		SolutionGuid = {DA2F3B4C-6FAC-438D-B73E-4AB5C1831312}
	EndGlobalSection
EndGlobal
